
Microsoft Visual Studio Solution File, Format Version 12.00
# Visual Studio 14
VisualStudioVersion = 14.0.24720.0
MinimumVisualStudioVersion = 10.0.40219.1
Project("{2150E333-8FDC-42A3-9474-1A3956D46DE8}") = "src", "src", "{D37869E8-153D-4270-A218-CBDD0A3EBCA5}"
EndProject
Project("{2150E333-8FDC-42A3-9474-1A3956D46DE8}") = "Solution Items", "Solution Items", "{499E5757-8098-49FB-A7DE-2C86E732F0C0}"
	ProjectSection(SolutionItems) = preProject
		global.json = global.json
	EndProjectSection
EndProject
Project("{8BB2217D-0F2D-49D1-97BC-3654ED321F3B}") = "Final.Web", "src\Final.Web\Final.Web.xproj", "{C71A1F84-109F-4671-A186-7A39C36BC4A6}"
EndProject
Project("{8BB2217D-0F2D-49D1-97BC-3654ED321F3B}") = "Final.Entities", "src\Final.Entities\Final.Entities.xproj", "{5521409D-A433-4671-B431-C16F1A42D80C}"
EndProject
Project("{8BB2217D-0F2D-49D1-97BC-3654ED321F3B}") = "Final.DataAccess", "src\Final.DataAccess\Final.DataAccess.xproj", "{5DC69CB9-AC22-463B-80FD-831327926757}"
EndProject
Project("{8BB2217D-0F2D-49D1-97BC-3654ED321F3B}") = "Final.Business", "src\Final.Business\Final.Business.xproj", "{6EAB5E18-EB52-4753-8539-DBC64E8DF1C9}"
EndProject
Project("{8BB2217D-0F2D-49D1-97BC-3654ED321F3B}") = "Final.WebManag", "src\Final.WebManag\Final.WebManag.xproj", "{15063E68-99C7-41FD-8AAF-5ED4B1090519}"
EndProject
Project("{8BB2217D-0F2D-49D1-97BC-3654ED321F3B}") = "Final.Business.Interfaces", "src\Final.Business.Interfaces\Final.Business.Interfaces.xproj", "{C34C5147-3936-45B7-B445-01BBF0CDEFC8}"
EndProject
Global
	GlobalSection(SolutionConfigurationPlatforms) = preSolution
		Debug|Any CPU = Debug|Any CPU
		Release|Any CPU = Release|Any CPU
	EndGlobalSection
	GlobalSection(ProjectConfigurationPlatforms) = postSolution
		{C71A1F84-109F-4671-A186-7A39C36BC4A6}.Debug|Any CPU.ActiveCfg = Debug|Any CPU
		{C71A1F84-109F-4671-A186-7A39C36BC4A6}.Debug|Any CPU.Build.0 = Debug|Any CPU
		{C71A1F84-109F-4671-A186-7A39C36BC4A6}.Release|Any CPU.ActiveCfg = Release|Any CPU
		{C71A1F84-109F-4671-A186-7A39C36BC4A6}.Release|Any CPU.Build.0 = Release|Any CPU
		{5521409D-A433-4671-B431-C16F1A42D80C}.Debug|Any CPU.ActiveCfg = Debug|Any CPU
		{5521409D-A433-4671-B431-C16F1A42D80C}.Debug|Any CPU.Build.0 = Debug|Any CPU
		{5521409D-A433-4671-B431-C16F1A42D80C}.Release|Any CPU.ActiveCfg = Release|Any CPU
		{5521409D-A433-4671-B431-C16F1A42D80C}.Release|Any CPU.Build.0 = Release|Any CPU
		{5DC69CB9-AC22-463B-80FD-831327926757}.Debug|Any CPU.ActiveCfg = Debug|Any CPU
		{5DC69CB9-AC22-463B-80FD-831327926757}.Debug|Any CPU.Build.0 = Debug|Any CPU
		{5DC69CB9-AC22-463B-80FD-831327926757}.Release|Any CPU.ActiveCfg = Release|Any CPU
		{5DC69CB9-AC22-463B-80FD-831327926757}.Release|Any CPU.Build.0 = Release|Any CPU
		{6EAB5E18-EB52-4753-8539-DBC64E8DF1C9}.Debug|Any CPU.ActiveCfg = Debug|Any CPU
		{6EAB5E18-EB52-4753-8539-DBC64E8DF1C9}.Debug|Any CPU.Build.0 = Debug|Any CPU
		{6EAB5E18-EB52-4753-8539-DBC64E8DF1C9}.Release|Any CPU.ActiveCfg = Release|Any CPU
		{6EAB5E18-EB52-4753-8539-DBC64E8DF1C9}.Release|Any CPU.Build.0 = Release|Any CPU
		{15063E68-99C7-41FD-8AAF-5ED4B1090519}.Debug|Any CPU.ActiveCfg = Debug|Any CPU
		{15063E68-99C7-41FD-8AAF-5ED4B1090519}.Debug|Any CPU.Build.0 = Debug|Any CPU
		{15063E68-99C7-41FD-8AAF-5ED4B1090519}.Release|Any CPU.ActiveCfg = Release|Any CPU
		{15063E68-99C7-41FD-8AAF-5ED4B1090519}.Release|Any CPU.Build.0 = Release|Any CPU
		{C34C5147-3936-45B7-B445-01BBF0CDEFC8}.Debug|Any CPU.ActiveCfg = Debug|Any CPU
		{C34C5147-3936-45B7-B445-01BBF0CDEFC8}.Debug|Any CPU.Build.0 = Debug|Any CPU
		{C34C5147-3936-45B7-B445-01BBF0CDEFC8}.Release|Any CPU.ActiveCfg = Release|Any CPU
		{C34C5147-3936-45B7-B445-01BBF0CDEFC8}.Release|Any CPU.Build.0 = Release|Any CPU
	EndGlobalSection
	GlobalSection(SolutionProperties) = preSolution
		HideSolutionNode = FALSE
	EndGlobalSection
	GlobalSection(NestedProjects) = preSolution
		{C71A1F84-109F-4671-A186-7A39C36BC4A6} = {D37869E8-153D-4270-A218-CBDD0A3EBCA5}
		{5521409D-A433-4671-B431-C16F1A42D80C} = {D37869E8-153D-4270-A218-CBDD0A3EBCA5}
		{5DC69CB9-AC22-463B-80FD-831327926757} = {D37869E8-153D-4270-A218-CBDD0A3EBCA5}
		{6EAB5E18-EB52-4753-8539-DBC64E8DF1C9} = {D37869E8-153D-4270-A218-CBDD0A3EBCA5}
		{15063E68-99C7-41FD-8AAF-5ED4B1090519} = {D37869E8-153D-4270-A218-CBDD0A3EBCA5}
		{C34C5147-3936-45B7-B445-01BBF0CDEFC8} = {D37869E8-153D-4270-A218-CBDD0A3EBCA5}
	EndGlobalSection
EndGlobal
