
Microsoft Visual Studio Solution File, Format Version 12.00
# Visual Studio 14
VisualStudioVersion = 14.0.24720.0
MinimumVisualStudioVersion = 10.0.40219.1
Project("{2150E333-8FDC-42A3-9474-1A3956D46DE8}") = "src", "src", "{D37869E8-153D-4270-A218-CBDD0A3EBCA5}"
EndProject
Project("{2150E333-8FDC-42A3-9474-1A3956D46DE8}") = "Solution Items", "Solution Items", "{499E5757-8098-49FB-A7DE-2C86E732F0C0}"
	ProjectSection(SolutionItems) = preProject
		global.json = global.json
	EndProjectSection
EndProject
Project("{8BB2217D-0F2D-49D1-97BC-3654ED321F3B}") = "Final.Web", "src\Final.Web\Final.Web.xproj", "{C71A1F84-109F-4671-A186-7A39C36BC4A6}"
EndProject
Global
	GlobalSection(SolutionConfigurationPlatforms) = preSolution
		Debug|Any CPU = Debug|Any CPU
		Release|Any CPU = Release|Any CPU
	EndGlobalSection
	GlobalSection(ProjectConfigurationPlatforms) = postSolution
		{C71A1F84-109F-4671-A186-7A39C36BC4A6}.Debug|Any CPU.ActiveCfg = Debug|Any CPU
		{C71A1F84-109F-4671-A186-7A39C36BC4A6}.Debug|Any CPU.Build.0 = Debug|Any CPU
		{C71A1F84-109F-4671-A186-7A39C36BC4A6}.Release|Any CPU.ActiveCfg = Release|Any CPU
		{C71A1F84-109F-4671-A186-7A39C36BC4A6}.Release|Any CPU.Build.0 = Release|Any CPU
	EndGlobalSection
	GlobalSection(SolutionProperties) = preSolution
		HideSolutionNode = FALSE
	EndGlobalSection
	GlobalSection(NestedProjects) = preSolution
		{C71A1F84-109F-4671-A186-7A39C36BC4A6} = {D37869E8-153D-4270-A218-CBDD0A3EBCA5}
	EndGlobalSection
EndGlobal
